
Microsoft Visual Studio Solution File, Format Version 12.00
# Visual Studio Version 16
VisualStudioVersion = 16.0.30517.126
MinimumVisualStudioVersion = 10.0.40219.1
Project("{FAE04EC0-301F-11D3-BF4B-00C04F79EFBC}") = "GruppeHessNetworkAssignment", "GruppeHessNetworkAssignment.csproj", "{C18B1AE3-F733-403C-A499-879F20E455E1}"
EndProject
Global
	GlobalSection(SolutionConfigurationPlatforms) = preSolution
		Debug|x86 = Debug|x86
		Release|x86 = Release|x86
	EndGlobalSection
	GlobalSection(ProjectConfigurationPlatforms) = postSolution
		{C18B1AE3-F733-403C-A499-879F20E455E1}.Debug|x86.ActiveCfg = Debug|x86
		{C18B1AE3-F733-403C-A499-879F20E455E1}.Debug|x86.Build.0 = Debug|x86
		{C18B1AE3-F733-403C-A499-879F20E455E1}.Release|x86.ActiveCfg = Release|x86
		{C18B1AE3-F733-403C-A499-879F20E455E1}.Release|x86.Build.0 = Release|x86
	EndGlobalSection
	GlobalSection(SolutionProperties) = preSolution
		HideSolutionNode = FALSE
	EndGlobalSection
	GlobalSection(ExtensibilityGlobals) = postSolution
		SolutionGuid = {24EE2458-5B66-4923-AA92-E3C29242FA2E}
	EndGlobalSection
EndGlobal
